
Microsoft Visual Studio Solution File, Format Version 12.00
# Visual Studio Version 17
VisualStudioVersion = 17.0.31903.59
MinimumVisualStudioVersion = 10.0.40219.1
Project("{2150E333-8FDC-42A3-9474-1A3956D46DE8}") = "src", "src", "{582E3D61-BF81-461A-8CFA-B53E2964312B}"
EndProject
Project("{9A19103F-16F7-4668-BE54-9A1E7A4F7556}") = "ApertureITSM.Core", "src\ApertureITSM.Core\ApertureITSM.Core.csproj", "{9E6AF589-5FF7-4955-A01D-D2D624E8C56B}"
EndProject
Project("{9A19103F-16F7-4668-BE54-9A1E7A4F7556}") = "ApertureITSM.Infrastructure", "src\ApertureITSM.Infrastructure\ApertureITSM.Infrastructure.csproj", "{7C1E49FD-B7F9-422D-99EE-8D886E5E0BA3}"
EndProject
Project("{9A19103F-16F7-4668-BE54-9A1E7A4F7556}") = "ApertureITSM.Features.Incidents", "src\ApertureITSM.Features.Incidents\ApertureITSM.Features.Incidents.csproj", "{6981083F-DDCF-487E-91D6-1A358B93C942}"
EndProject
Project("{9A19103F-16F7-4668-BE54-9A1E7A4F7556}") = "ApertureITSM.Features.Problems", "src\ApertureITSM.Features.Problems\ApertureITSM.Features.Problems.csproj", "{BE05EE28-ACCD-46A3-B7D6-344BCC619711}"
EndProject
Project("{9A19103F-16F7-4668-BE54-9A1E7A4F7556}") = "ApertureITSM.Features.Changes", "src\ApertureITSM.Features.Changes\ApertureITSM.Features.Changes.csproj", "{FF815696-EB4C-4B85-8AEC-4FBD1F101B4E}"
EndProject
Project("{9A19103F-16F7-4668-BE54-9A1E7A4F7556}") = "ApertureITSM.Features.Sla", "src\ApertureITSM.Features.Sla\ApertureITSM.Features.Sla.csproj", "{72554561-3DA9-4132-9340-ADD9B249156F}"
EndProject
Project("{9A19103F-16F7-4668-BE54-9A1E7A4F7556}") = "ApertureITSM.Features.Notifications", "src\ApertureITSM.Features.Notifications\ApertureITSM.Features.Notifications.csproj", "{E356E695-99EA-49FF-80EA-01046AA7C33B}"
EndProject
Project("{9A19103F-16F7-4668-BE54-9A1E7A4F7556}") = "ApertureITSM.Api", "src\ApertureITSM.Api\ApertureITSM.Api.csproj", "{8807C2BB-7595-460E-8777-9DA28991F9F1}"
EndProject
Project("{2150E333-8FDC-42A3-9474-1A3956D46DE8}") = "Help", "Help", "{A1B2C3D4-E5F6-7890-ABCD-EF1234567890}"
	ProjectSection(SolutionItems) = preProject
		src\Help\index.html = src\Help\index.html
		src\Help\core-models.html = src\Help\core-models.html
		src\Help\core-interfaces.html = src\Help\core-interfaces.html
		src\Help\repositories.html = src\Help\repositories.html
		src\Help\services.html = src\Help\services.html
		src\Help\api-reference.html = src\Help\api-reference.html
		src\Help\frontend.html = src\Help\frontend.html
		src\Help\database.html = src\Help\database.html
		src\Help\css\style.css = src\Help\css\style.css
		src\Help\js\nav.js = src\Help\js\nav.js
	EndProjectSection
EndProject
Global
	GlobalSection(SolutionConfigurationPlatforms) = preSolution
		Debug|Any CPU = Debug|Any CPU
		Release|Any CPU = Release|Any CPU
	EndGlobalSection
	GlobalSection(ProjectConfigurationPlatforms) = postSolution
		{9E6AF589-5FF7-4955-A01D-D2D624E8C56B}.Debug|Any CPU.ActiveCfg = Debug|Any CPU
		{9E6AF589-5FF7-4955-A01D-D2D624E8C56B}.Debug|Any CPU.Build.0 = Debug|Any CPU
		{9E6AF589-5FF7-4955-A01D-D2D624E8C56B}.Release|Any CPU.ActiveCfg = Release|Any CPU
		{9E6AF589-5FF7-4955-A01D-D2D624E8C56B}.Release|Any CPU.Build.0 = Release|Any CPU
		{7C1E49FD-B7F9-422D-99EE-8D886E5E0BA3}.Debug|Any CPU.ActiveCfg = Debug|Any CPU
		{7C1E49FD-B7F9-422D-99EE-8D886E5E0BA3}.Debug|Any CPU.Build.0 = Debug|Any CPU
		{7C1E49FD-B7F9-422D-99EE-8D886E5E0BA3}.Release|Any CPU.ActiveCfg = Release|Any CPU
		{7C1E49FD-B7F9-422D-99EE-8D886E5E0BA3}.Release|Any CPU.Build.0 = Release|Any CPU
		{6981083F-DDCF-487E-91D6-1A358B93C942}.Debug|Any CPU.ActiveCfg = Debug|Any CPU
		{6981083F-DDCF-487E-91D6-1A358B93C942}.Debug|Any CPU.Build.0 = Debug|Any CPU
		{6981083F-DDCF-487E-91D6-1A358B93C942}.Release|Any CPU.ActiveCfg = Release|Any CPU
		{6981083F-DDCF-487E-91D6-1A358B93C942}.Release|Any CPU.Build.0 = Release|Any CPU
		{BE05EE28-ACCD-46A3-B7D6-344BCC619711}.Debug|Any CPU.ActiveCfg = Debug|Any CPU
		{BE05EE28-ACCD-46A3-B7D6-344BCC619711}.Debug|Any CPU.Build.0 = Debug|Any CPU
		{BE05EE28-ACCD-46A3-B7D6-344BCC619711}.Release|Any CPU.ActiveCfg = Release|Any CPU
		{BE05EE28-ACCD-46A3-B7D6-344BCC619711}.Release|Any CPU.Build.0 = Release|Any CPU
		{FF815696-EB4C-4B85-8AEC-4FBD1F101B4E}.Debug|Any CPU.ActiveCfg = Debug|Any CPU
		{FF815696-EB4C-4B85-8AEC-4FBD1F101B4E}.Debug|Any CPU.Build.0 = Debug|Any CPU
		{FF815696-EB4C-4B85-8AEC-4FBD1F101B4E}.Release|Any CPU.ActiveCfg = Release|Any CPU
		{FF815696-EB4C-4B85-8AEC-4FBD1F101B4E}.Release|Any CPU.Build.0 = Release|Any CPU
		{72554561-3DA9-4132-9340-ADD9B249156F}.Debug|Any CPU.ActiveCfg = Debug|Any CPU
		{72554561-3DA9-4132-9340-ADD9B249156F}.Debug|Any CPU.Build.0 = Debug|Any CPU
		{72554561-3DA9-4132-9340-ADD9B249156F}.Release|Any CPU.ActiveCfg = Release|Any CPU
		{72554561-3DA9-4132-9340-ADD9B249156F}.Release|Any CPU.Build.0 = Release|Any CPU
		{E356E695-99EA-49FF-80EA-01046AA7C33B}.Debug|Any CPU.ActiveCfg = Debug|Any CPU
		{E356E695-99EA-49FF-80EA-01046AA7C33B}.Debug|Any CPU.Build.0 = Debug|Any CPU
		{E356E695-99EA-49FF-80EA-01046AA7C33B}.Release|Any CPU.ActiveCfg = Release|Any CPU
		{E356E695-99EA-49FF-80EA-01046AA7C33B}.Release|Any CPU.Build.0 = Release|Any CPU
		{8807C2BB-7595-460E-8777-9DA28991F9F1}.Debug|Any CPU.ActiveCfg = Debug|Any CPU
		{8807C2BB-7595-460E-8777-9DA28991F9F1}.Debug|Any CPU.Build.0 = Debug|Any CPU
		{8807C2BB-7595-460E-8777-9DA28991F9F1}.Release|Any CPU.ActiveCfg = Release|Any CPU
		{8807C2BB-7595-460E-8777-9DA28991F9F1}.Release|Any CPU.Build.0 = Release|Any CPU
	EndGlobalSection
	GlobalSection(SolutionProperties) = preSolution
		HideSolutionNode = FALSE
	EndGlobalSection
	GlobalSection(NestedProjects) = preSolution
		{9E6AF589-5FF7-4955-A01D-D2D624E8C56B} = {582E3D61-BF81-461A-8CFA-B53E2964312B}
		{7C1E49FD-B7F9-422D-99EE-8D886E5E0BA3} = {582E3D61-BF81-461A-8CFA-B53E2964312B}
		{6981083F-DDCF-487E-91D6-1A358B93C942} = {582E3D61-BF81-461A-8CFA-B53E2964312B}
		{BE05EE28-ACCD-46A3-B7D6-344BCC619711} = {582E3D61-BF81-461A-8CFA-B53E2964312B}
		{FF815696-EB4C-4B85-8AEC-4FBD1F101B4E} = {582E3D61-BF81-461A-8CFA-B53E2964312B}
		{72554561-3DA9-4132-9340-ADD9B249156F} = {582E3D61-BF81-461A-8CFA-B53E2964312B}
		{E356E695-99EA-49FF-80EA-01046AA7C33B} = {582E3D61-BF81-461A-8CFA-B53E2964312B}
		{8807C2BB-7595-460E-8777-9DA28991F9F1} = {582E3D61-BF81-461A-8CFA-B53E2964312B}
		{A1B2C3D4-E5F6-7890-ABCD-EF1234567890} = {582E3D61-BF81-461A-8CFA-B53E2964312B}
	EndGlobalSection
	GlobalSection(ExtensibilityGlobals) = postSolution
		SolutionGuid = {A414A5F1-6132-4D06-97D1-EFBD39282771}
	EndGlobalSection
EndGlobal
